
Microsoft Visual Studio Solution File, Format Version 12.00
# Visual Studio 2013
VisualStudioVersion = 12.0.31101.0
MinimumVisualStudioVersion = 10.0.40219.1
Project("{FAE04EC0-301F-11D3-BF4B-00C04F79EFBC}") = "WCFService", "WCFService\WCFService.csproj", "{7983A4A8-ADEA-450B-9924-BFBEA758F627}"
EndProject
Project("{FAE04EC0-301F-11D3-BF4B-00C04F79EFBC}") = "WCFClient", "WCFClient\WCFClient.csproj", "{E5AEEDF5-251C-404E-ACA9-E1C4CDA388D8}"
EndProject
Project("{FAE04EC0-301F-11D3-BF4B-00C04F79EFBC}") = "WCFServiceLibrary", "WCFServiceLibrary\WCFServiceLibrary.csproj", "{CBE6EA2F-121E-49DD-A306-094E23A42008}"
EndProject
Project("{2150E333-8FDC-42A3-9474-1A3956D46DE8}") = "IIS宿主", "IIS宿主", "{4CBBC320-0AFF-4351-BEF3-90D082B96A1D}"
EndProject
Project("{FAE04EC0-301F-11D3-BF4B-00C04F79EFBC}") = "WCFHost_Console", "WCFHost_Console\WCFHost_Console.csproj", "{4DA3EAD6-9C40-4F81-AA38-A36FA7309C14}"
EndProject
Project("{2150E333-8FDC-42A3-9474-1A3956D46DE8}") = "WCF客户端", "WCF客户端", "{F61F9709-7DA0-495B-BE7C-C5CC4120D8B4}"
EndProject
Project("{2150E333-8FDC-42A3-9474-1A3956D46DE8}") = "控制台应用程序宿主", "控制台应用程序宿主", "{42468420-5BAF-43B2-AA4B-2FCAD2670439}"
EndProject
Project("{FAE04EC0-301F-11D3-BF4B-00C04F79EFBC}") = "WCFHost_AutoMapping", "WCFHost_AutoMapping\WCFHost_AutoMapping.csproj", "{2B58C8CA-78A6-44B4-A29F-711FC855C9C6}"
EndProject
Project("{2150E333-8FDC-42A3-9474-1A3956D46DE8}") = "Windows应用程序宿主", "Windows应用程序宿主", "{4DD01160-757D-4FD6-8167-587DD5270165}"
EndProject
Project("{FAE04EC0-301F-11D3-BF4B-00C04F79EFBC}") = "WCFHost_WinForm", "WCFHost_WinForm\WCFHost_WinForm.csproj", "{2974DA50-6FB1-4491-AC3D-57C41633DA29}"
EndProject
Project("{2150E333-8FDC-42A3-9474-1A3956D46DE8}") = "WAS宿主", "WAS宿主", "{D484491A-137D-4D3D-99AF-A46A8670E2DC}"
EndProject
Project("{2150E333-8FDC-42A3-9474-1A3956D46DE8}") = "WCF服务库", "WCF服务库", "{D6BF19DE-703E-4D52-86B5-1D5E2904055F}"
EndProject
Project("{FAE04EC0-301F-11D3-BF4B-00C04F79EFBC}") = "WCFHost_WAS", "WCFHost_WAS\WCFHost_WAS.csproj", "{D95E3271-CC32-4E9D-9CB7-C6E14D27E5DC}"
EndProject
Project("{2150E333-8FDC-42A3-9474-1A3956D46DE8}") = "配置文件", "配置文件", "{283B3E44-5490-41A0-996B-FFC7ABD8EE90}"
	ProjectSection(SolutionItems) = preProject
		WCF.config = WCF.config
		WCF2.config = WCF2.config
	EndProjectSection
EndProject
Project("{2150E333-8FDC-42A3-9474-1A3956D46DE8}") = "通信模式", "通信模式", "{619D42F2-8D09-44E3-AF4C-B62B8BE780EC}"
EndProject
Project("{FAE04EC0-301F-11D3-BF4B-00C04F79EFBC}") = "WCFServiceDemo", "WCFServiceDemo\WCFServiceDemo.csproj", "{A98792AE-925B-4157-AD9B-2D7F65610805}"
EndProject
Project("{FAE04EC0-301F-11D3-BF4B-00C04F79EFBC}") = "WCFClientDemo", "WCFClientDemo\WCFClientDemo.csproj", "{3571EF83-BB28-4F0D-82EC-14E00BB6D4C5}"
	ProjectSection(ProjectDependencies) = postProject
		{A98792AE-925B-4157-AD9B-2D7F65610805} = {A98792AE-925B-4157-AD9B-2D7F65610805}
	EndProjectSection
EndProject
Project("{2150E333-8FDC-42A3-9474-1A3956D46DE8}") = "请求与答复模式", "请求与答复模式", "{78F16527-7803-4186-80FF-ED8579905C9D}"
EndProject
Project("{2150E333-8FDC-42A3-9474-1A3956D46DE8}") = "单向模式", "单向模式", "{DF7F64FD-5C80-4657-8CC9-A8053133EB3A}"
EndProject
Project("{2150E333-8FDC-42A3-9474-1A3956D46DE8}") = "双工模式", "双工模式", "{C50C794C-B365-4A1B-A9C5-D38EE717BA12}"
EndProject
Project("{FAE04EC0-301F-11D3-BF4B-00C04F79EFBC}") = "WCFDanXiangClient", "WCFDanXiangClient\WCFDanXiangClient.csproj", "{B850BCBA-3DD8-4D53-9693-418A915AA59F}"
	ProjectSection(ProjectDependencies) = postProject
		{A98792AE-925B-4157-AD9B-2D7F65610805} = {A98792AE-925B-4157-AD9B-2D7F65610805}
	EndProjectSection
EndProject
Project("{FAE04EC0-301F-11D3-BF4B-00C04F79EFBC}") = "WCFShuangXiangClient", "WCFShuangXiangClient\WCFShuangXiangClient.csproj", "{5201C5B9-A89F-4063-A933-6578F22438EE}"
	ProjectSection(ProjectDependencies) = postProject
		{A98792AE-925B-4157-AD9B-2D7F65610805} = {A98792AE-925B-4157-AD9B-2D7F65610805}
	EndProjectSection
EndProject
Project("{2150E333-8FDC-42A3-9474-1A3956D46DE8}") = "CRUD应用", "CRUD应用", "{A4F3996B-BC1A-49A5-9A52-CE8D66155811}"
EndProject
Project("{FAE04EC0-301F-11D3-BF4B-00C04F79EFBC}") = "WCF.Demo.Service", "WCF.Demo.Service\WCF.Demo.Service.csproj", "{A2F80719-77DE-43C0-9FF0-16016F4DC6F4}"
EndProject
Project("{FAE04EC0-301F-11D3-BF4B-00C04F79EFBC}") = "WCF.Demo.Model", "WCF.Demo.Model\WCF.Demo.Model.csproj", "{5AF79A74-6251-4128-9B93-293605991BE6}"
EndProject
Project("{FAE04EC0-301F-11D3-BF4B-00C04F79EFBC}") = "WCF.Demo.DAL", "WCF.Demo.DAL\WCF.Demo.DAL.csproj", "{21E83FAB-88EC-4E44-AAB1-AAC7B23E1817}"
EndProject
Project("{FAE04EC0-301F-11D3-BF4B-00C04F79EFBC}") = "WCF.Demo.Client", "WCF.Demo.Client\WCF.Demo.Client.csproj", "{511F2D24-F75D-4946-AD81-0796C79EDF85}"
	ProjectSection(ProjectDependencies) = postProject
		{A2F80719-77DE-43C0-9FF0-16016F4DC6F4} = {A2F80719-77DE-43C0-9FF0-16016F4DC6F4}
	EndProjectSection
EndProject
Project("{2150E333-8FDC-42A3-9474-1A3956D46DE8}") = "发布与订阅", "发布与订阅", "{C68DE3E6-544E-4BFD-822A-8F42C462B63D}"
EndProject
Global
	GlobalSection(SolutionConfigurationPlatforms) = preSolution
		Debug|Any CPU = Debug|Any CPU
		Release|Any CPU = Release|Any CPU
	EndGlobalSection
	GlobalSection(ProjectConfigurationPlatforms) = postSolution
		{7983A4A8-ADEA-450B-9924-BFBEA758F627}.Debug|Any CPU.ActiveCfg = Debug|Any CPU
		{7983A4A8-ADEA-450B-9924-BFBEA758F627}.Debug|Any CPU.Build.0 = Debug|Any CPU
		{7983A4A8-ADEA-450B-9924-BFBEA758F627}.Release|Any CPU.ActiveCfg = Release|Any CPU
		{7983A4A8-ADEA-450B-9924-BFBEA758F627}.Release|Any CPU.Build.0 = Release|Any CPU
		{E5AEEDF5-251C-404E-ACA9-E1C4CDA388D8}.Debug|Any CPU.ActiveCfg = Debug|Any CPU
		{E5AEEDF5-251C-404E-ACA9-E1C4CDA388D8}.Debug|Any CPU.Build.0 = Debug|Any CPU
		{E5AEEDF5-251C-404E-ACA9-E1C4CDA388D8}.Release|Any CPU.ActiveCfg = Release|Any CPU
		{E5AEEDF5-251C-404E-ACA9-E1C4CDA388D8}.Release|Any CPU.Build.0 = Release|Any CPU
		{CBE6EA2F-121E-49DD-A306-094E23A42008}.Debug|Any CPU.ActiveCfg = Debug|Any CPU
		{CBE6EA2F-121E-49DD-A306-094E23A42008}.Debug|Any CPU.Build.0 = Debug|Any CPU
		{CBE6EA2F-121E-49DD-A306-094E23A42008}.Release|Any CPU.ActiveCfg = Release|Any CPU
		{CBE6EA2F-121E-49DD-A306-094E23A42008}.Release|Any CPU.Build.0 = Release|Any CPU
		{4DA3EAD6-9C40-4F81-AA38-A36FA7309C14}.Debug|Any CPU.ActiveCfg = Debug|Any CPU
		{4DA3EAD6-9C40-4F81-AA38-A36FA7309C14}.Debug|Any CPU.Build.0 = Debug|Any CPU
		{4DA3EAD6-9C40-4F81-AA38-A36FA7309C14}.Release|Any CPU.ActiveCfg = Release|Any CPU
		{4DA3EAD6-9C40-4F81-AA38-A36FA7309C14}.Release|Any CPU.Build.0 = Release|Any CPU
		{2B58C8CA-78A6-44B4-A29F-711FC855C9C6}.Debug|Any CPU.ActiveCfg = Debug|Any CPU
		{2B58C8CA-78A6-44B4-A29F-711FC855C9C6}.Debug|Any CPU.Build.0 = Debug|Any CPU
		{2B58C8CA-78A6-44B4-A29F-711FC855C9C6}.Release|Any CPU.ActiveCfg = Release|Any CPU
		{2B58C8CA-78A6-44B4-A29F-711FC855C9C6}.Release|Any CPU.Build.0 = Release|Any CPU
		{2974DA50-6FB1-4491-AC3D-57C41633DA29}.Debug|Any CPU.ActiveCfg = Debug|Any CPU
		{2974DA50-6FB1-4491-AC3D-57C41633DA29}.Debug|Any CPU.Build.0 = Debug|Any CPU
		{2974DA50-6FB1-4491-AC3D-57C41633DA29}.Release|Any CPU.ActiveCfg = Release|Any CPU
		{2974DA50-6FB1-4491-AC3D-57C41633DA29}.Release|Any CPU.Build.0 = Release|Any CPU
		{D95E3271-CC32-4E9D-9CB7-C6E14D27E5DC}.Debug|Any CPU.ActiveCfg = Debug|Any CPU
		{D95E3271-CC32-4E9D-9CB7-C6E14D27E5DC}.Debug|Any CPU.Build.0 = Debug|Any CPU
		{D95E3271-CC32-4E9D-9CB7-C6E14D27E5DC}.Release|Any CPU.ActiveCfg = Release|Any CPU
		{D95E3271-CC32-4E9D-9CB7-C6E14D27E5DC}.Release|Any CPU.Build.0 = Release|Any CPU
		{A98792AE-925B-4157-AD9B-2D7F65610805}.Debug|Any CPU.ActiveCfg = Debug|Any CPU
		{A98792AE-925B-4157-AD9B-2D7F65610805}.Debug|Any CPU.Build.0 = Debug|Any CPU
		{A98792AE-925B-4157-AD9B-2D7F65610805}.Release|Any CPU.ActiveCfg = Release|Any CPU
		{A98792AE-925B-4157-AD9B-2D7F65610805}.Release|Any CPU.Build.0 = Release|Any CPU
		{3571EF83-BB28-4F0D-82EC-14E00BB6D4C5}.Debug|Any CPU.ActiveCfg = Debug|Any CPU
		{3571EF83-BB28-4F0D-82EC-14E00BB6D4C5}.Debug|Any CPU.Build.0 = Debug|Any CPU
		{3571EF83-BB28-4F0D-82EC-14E00BB6D4C5}.Release|Any CPU.ActiveCfg = Release|Any CPU
		{3571EF83-BB28-4F0D-82EC-14E00BB6D4C5}.Release|Any CPU.Build.0 = Release|Any CPU
		{B850BCBA-3DD8-4D53-9693-418A915AA59F}.Debug|Any CPU.ActiveCfg = Debug|Any CPU
		{B850BCBA-3DD8-4D53-9693-418A915AA59F}.Debug|Any CPU.Build.0 = Debug|Any CPU
		{B850BCBA-3DD8-4D53-9693-418A915AA59F}.Release|Any CPU.ActiveCfg = Release|Any CPU
		{B850BCBA-3DD8-4D53-9693-418A915AA59F}.Release|Any CPU.Build.0 = Release|Any CPU
		{5201C5B9-A89F-4063-A933-6578F22438EE}.Debug|Any CPU.ActiveCfg = Debug|Any CPU
		{5201C5B9-A89F-4063-A933-6578F22438EE}.Debug|Any CPU.Build.0 = Debug|Any CPU
		{5201C5B9-A89F-4063-A933-6578F22438EE}.Release|Any CPU.ActiveCfg = Release|Any CPU
		{5201C5B9-A89F-4063-A933-6578F22438EE}.Release|Any CPU.Build.0 = Release|Any CPU
		{A2F80719-77DE-43C0-9FF0-16016F4DC6F4}.Debug|Any CPU.ActiveCfg = Debug|Any CPU
		{A2F80719-77DE-43C0-9FF0-16016F4DC6F4}.Debug|Any CPU.Build.0 = Debug|Any CPU
		{A2F80719-77DE-43C0-9FF0-16016F4DC6F4}.Release|Any CPU.ActiveCfg = Release|Any CPU
		{A2F80719-77DE-43C0-9FF0-16016F4DC6F4}.Release|Any CPU.Build.0 = Release|Any CPU
		{5AF79A74-6251-4128-9B93-293605991BE6}.Debug|Any CPU.ActiveCfg = Debug|Any CPU
		{5AF79A74-6251-4128-9B93-293605991BE6}.Debug|Any CPU.Build.0 = Debug|Any CPU
		{5AF79A74-6251-4128-9B93-293605991BE6}.Release|Any CPU.ActiveCfg = Release|Any CPU
		{5AF79A74-6251-4128-9B93-293605991BE6}.Release|Any CPU.Build.0 = Release|Any CPU
		{21E83FAB-88EC-4E44-AAB1-AAC7B23E1817}.Debug|Any CPU.ActiveCfg = Debug|Any CPU
		{21E83FAB-88EC-4E44-AAB1-AAC7B23E1817}.Debug|Any CPU.Build.0 = Debug|Any CPU
		{21E83FAB-88EC-4E44-AAB1-AAC7B23E1817}.Release|Any CPU.ActiveCfg = Release|Any CPU
		{21E83FAB-88EC-4E44-AAB1-AAC7B23E1817}.Release|Any CPU.Build.0 = Release|Any CPU
		{511F2D24-F75D-4946-AD81-0796C79EDF85}.Debug|Any CPU.ActiveCfg = Debug|Any CPU
		{511F2D24-F75D-4946-AD81-0796C79EDF85}.Debug|Any CPU.Build.0 = Debug|Any CPU
		{511F2D24-F75D-4946-AD81-0796C79EDF85}.Release|Any CPU.ActiveCfg = Release|Any CPU
		{511F2D24-F75D-4946-AD81-0796C79EDF85}.Release|Any CPU.Build.0 = Release|Any CPU
	EndGlobalSection
	GlobalSection(SolutionProperties) = preSolution
		HideSolutionNode = FALSE
	EndGlobalSection
	GlobalSection(NestedProjects) = preSolution
		{7983A4A8-ADEA-450B-9924-BFBEA758F627} = {4CBBC320-0AFF-4351-BEF3-90D082B96A1D}
		{E5AEEDF5-251C-404E-ACA9-E1C4CDA388D8} = {F61F9709-7DA0-495B-BE7C-C5CC4120D8B4}
		{CBE6EA2F-121E-49DD-A306-094E23A42008} = {D6BF19DE-703E-4D52-86B5-1D5E2904055F}
		{4DA3EAD6-9C40-4F81-AA38-A36FA7309C14} = {42468420-5BAF-43B2-AA4B-2FCAD2670439}
		{2B58C8CA-78A6-44B4-A29F-711FC855C9C6} = {42468420-5BAF-43B2-AA4B-2FCAD2670439}
		{2974DA50-6FB1-4491-AC3D-57C41633DA29} = {4DD01160-757D-4FD6-8167-587DD5270165}
		{D95E3271-CC32-4E9D-9CB7-C6E14D27E5DC} = {D484491A-137D-4D3D-99AF-A46A8670E2DC}
		{A98792AE-925B-4157-AD9B-2D7F65610805} = {619D42F2-8D09-44E3-AF4C-B62B8BE780EC}
		{3571EF83-BB28-4F0D-82EC-14E00BB6D4C5} = {78F16527-7803-4186-80FF-ED8579905C9D}
		{78F16527-7803-4186-80FF-ED8579905C9D} = {619D42F2-8D09-44E3-AF4C-B62B8BE780EC}
		{DF7F64FD-5C80-4657-8CC9-A8053133EB3A} = {619D42F2-8D09-44E3-AF4C-B62B8BE780EC}
		{C50C794C-B365-4A1B-A9C5-D38EE717BA12} = {619D42F2-8D09-44E3-AF4C-B62B8BE780EC}
		{B850BCBA-3DD8-4D53-9693-418A915AA59F} = {DF7F64FD-5C80-4657-8CC9-A8053133EB3A}
		{5201C5B9-A89F-4063-A933-6578F22438EE} = {C50C794C-B365-4A1B-A9C5-D38EE717BA12}
		{A2F80719-77DE-43C0-9FF0-16016F4DC6F4} = {A4F3996B-BC1A-49A5-9A52-CE8D66155811}
		{5AF79A74-6251-4128-9B93-293605991BE6} = {A4F3996B-BC1A-49A5-9A52-CE8D66155811}
		{21E83FAB-88EC-4E44-AAB1-AAC7B23E1817} = {A4F3996B-BC1A-49A5-9A52-CE8D66155811}
		{511F2D24-F75D-4946-AD81-0796C79EDF85} = {A4F3996B-BC1A-49A5-9A52-CE8D66155811}
	EndGlobalSection
EndGlobal
